{
  "version": "3",
  "packages": {
    "specifiers": {
      "jsr:@std/assert@0.226.0": "jsr:@std/assert@0.226.0",
      "jsr:@std/collections@1.0.0": "jsr:@std/collections@1.0.0",
      "jsr:@std/internal@^1.0.0": "jsr:@std/internal@1.0.0",
      "jsr:@std/ulid@0.224.1": "jsr:@std/ulid@0.224.1"
    },
    "jsr": {
      "@std/assert@0.226.0": {
        "integrity": "0dfb5f7c7723c18cec118e080fec76ce15b4c31154b15ad2bd74822603ef75b3",
        "dependencies": [
          "jsr:@std/internal@^1.0.0"
        ]
      },
      "@std/collections@1.0.0": {
        "integrity": "8e4e07ce1df7badae20b80f2678c3ca3bc14cae5514c4e1817a4668ba8b1adf2"
      },
      "@std/internal@1.0.0": {
        "integrity": "ac6a6dfebf838582c4b4f61a6907374e27e05bedb6ce276e0f1608fe84e7cd9a"
      },
      "@std/ulid@0.224.1": {
        "integrity": "4de06fdb030ff3990b1b0344e330373c11ce6051ac449fc435667a485a6723fa"
      }
    }
  },
  "remote": {},
  "workspace": {
    "dependencies": [
      "jsr:@std/assert@0.226.0",
      "jsr:@std/collections@1.0.0",
      "jsr:@std/ulid@0.224.1",
      "npm:zod@^3"
    ]
  }
}
